
Microsoft Visual Studio Solution File, Format Version 12.00
# Visual Studio Version 16
VisualStudioVersion = 16.0.29709.97
MinimumVisualStudioVersion = 10.0.40219.1
Project("{FAE04EC0-301F-11D3-BF4B-00C04F79EFBC}") = "FibonacciNumbers", "FibonacciNumbers\FibonacciNumbers.csproj", "{5272976C-7987-4EA9-99A6-4DA69D781194}"
EndProject
Global
	GlobalSection(SolutionConfigurationPlatforms) = preSolution
		Debug|Any CPU = Debug|Any CPU
		Release|Any CPU = Release|Any CPU
	EndGlobalSection
	GlobalSection(ProjectConfigurationPlatforms) = postSolution
		{5272976C-7987-4EA9-99A6-4DA69D781194}.Debug|Any CPU.ActiveCfg = Debug|Any CPU
		{5272976C-7987-4EA9-99A6-4DA69D781194}.Debug|Any CPU.Build.0 = Debug|Any CPU
		{5272976C-7987-4EA9-99A6-4DA69D781194}.Release|Any CPU.ActiveCfg = Release|Any CPU
		{5272976C-7987-4EA9-99A6-4DA69D781194}.Release|Any CPU.Build.0 = Release|Any CPU
	EndGlobalSection
	GlobalSection(SolutionProperties) = preSolution
		HideSolutionNode = FALSE
	EndGlobalSection
	GlobalSection(ExtensibilityGlobals) = postSolution
		SolutionGuid = {68507FA1-540B-4F42-BCD6-73DBF6EE74F5}
	EndGlobalSection
EndGlobal
